
Microsoft Visual Studio Solution File, Format Version 12.00
# Visual Studio Version 16
VisualStudioVersion = 16.0.810.23
MinimumVisualStudioVersion = 10.0.40219.1
Project("{FAE04EC0-301F-11D3-BF4B-00C04F79EFBC}") = "HMW_DP_Mediator_Proxy", "HMW_DP_Mediator_Proxy\HMW_DP_Mediator_Proxy.csproj", "{A127317D-218A-481C-ABF5-6FBBE97FE0E7}"
EndProject
Global
	GlobalSection(SolutionConfigurationPlatforms) = preSolution
		Debug|Any CPU = Debug|Any CPU
		Release|Any CPU = Release|Any CPU
	EndGlobalSection
	GlobalSection(ProjectConfigurationPlatforms) = postSolution
		{A127317D-218A-481C-ABF5-6FBBE97FE0E7}.Debug|Any CPU.ActiveCfg = Debug|Any CPU
		{A127317D-218A-481C-ABF5-6FBBE97FE0E7}.Debug|Any CPU.Build.0 = Debug|Any CPU
		{A127317D-218A-481C-ABF5-6FBBE97FE0E7}.Release|Any CPU.ActiveCfg = Release|Any CPU
		{A127317D-218A-481C-ABF5-6FBBE97FE0E7}.Release|Any CPU.Build.0 = Release|Any CPU
	EndGlobalSection
	GlobalSection(SolutionProperties) = preSolution
		HideSolutionNode = FALSE
	EndGlobalSection
	GlobalSection(ExtensibilityGlobals) = postSolution
		SolutionGuid = {4D75C2F4-0EEE-4A2D-98A4-D8429923B314}
	EndGlobalSection
EndGlobal
